
Microsoft Visual Studio Solution File, Format Version 12.00
# Visual Studio Version 17
VisualStudioVersion = 17.10.35027.167
MinimumVisualStudioVersion = 10.0.40219.1
Project("{FAE04EC0-301F-11D3-BF4B-00C04F79EFBC}") = "PremierLeague.WebApplication", "PremierLeague.WebApplication\PremierLeague.WebApplication.csproj", "{BDFDAF25-8185-477F-8C29-64292A92FBFB}"
EndProject
Project("{FAE04EC0-301F-11D3-BF4B-00C04F79EFBC}") = "PremierLeague.Services", "PremierLeague.Services\PremierLeague.Services.csproj", "{3A3CDA38-9E8F-4A51-BF4D-6F059E29E151}"
EndProject
Project("{FAE04EC0-301F-11D3-BF4B-00C04F79EFBC}") = "PremierLeague.Repositories", "PremierLeague.Repositories\PremierLeague.Repositories.csproj", "{69577105-0CCA-4B5A-BA89-CFF2F83B3D0E}"
EndProject
Global
	GlobalSection(SolutionConfigurationPlatforms) = preSolution
		Debug|Any CPU = Debug|Any CPU
		Release|Any CPU = Release|Any CPU
	EndGlobalSection
	GlobalSection(ProjectConfigurationPlatforms) = postSolution
		{BDFDAF25-8185-477F-8C29-64292A92FBFB}.Debug|Any CPU.ActiveCfg = Debug|Any CPU
		{BDFDAF25-8185-477F-8C29-64292A92FBFB}.Debug|Any CPU.Build.0 = Debug|Any CPU
		{BDFDAF25-8185-477F-8C29-64292A92FBFB}.Release|Any CPU.ActiveCfg = Release|Any CPU
		{BDFDAF25-8185-477F-8C29-64292A92FBFB}.Release|Any CPU.Build.0 = Release|Any CPU
		{3A3CDA38-9E8F-4A51-BF4D-6F059E29E151}.Debug|Any CPU.ActiveCfg = Debug|Any CPU
		{3A3CDA38-9E8F-4A51-BF4D-6F059E29E151}.Debug|Any CPU.Build.0 = Debug|Any CPU
		{3A3CDA38-9E8F-4A51-BF4D-6F059E29E151}.Release|Any CPU.ActiveCfg = Release|Any CPU
		{3A3CDA38-9E8F-4A51-BF4D-6F059E29E151}.Release|Any CPU.Build.0 = Release|Any CPU
		{69577105-0CCA-4B5A-BA89-CFF2F83B3D0E}.Debug|Any CPU.ActiveCfg = Debug|Any CPU
		{69577105-0CCA-4B5A-BA89-CFF2F83B3D0E}.Debug|Any CPU.Build.0 = Debug|Any CPU
		{69577105-0CCA-4B5A-BA89-CFF2F83B3D0E}.Release|Any CPU.ActiveCfg = Release|Any CPU
		{69577105-0CCA-4B5A-BA89-CFF2F83B3D0E}.Release|Any CPU.Build.0 = Release|Any CPU
	EndGlobalSection
	GlobalSection(SolutionProperties) = preSolution
		HideSolutionNode = FALSE
	EndGlobalSection
	GlobalSection(ExtensibilityGlobals) = postSolution
		SolutionGuid = {1D241684-1FEB-43DC-B96A-29B6DBB47DF0}
	EndGlobalSection
EndGlobal
